{
  "nodes": {
    "deploy-rs": {
      "inputs": {
        "flake-compat": "flake-compat",
        "nixpkgs": "nixpkgs",
        "utils": "utils"
      },
      "locked": {
        "lastModified": 1638665590,
        "narHash": "sha256-nhtfL3z4TizWHemyZvgLvq11FhYX5Ya4ke+t6Np5PKQ=",
        "owner": "serokell",
        "repo": "deploy-rs",
        "rev": "715e92a13018bc1745fb680b5860af0c5641026a",
        "type": "github"
      },
      "original": {
        "owner": "serokell",
        "repo": "deploy-rs",
        "type": "github"
      }
    },
    "flake-compat": {
      "flake": false,
      "locked": {
        "lastModified": 1627913399,
        "narHash": "sha256-hY8g6H2KFL8ownSiFeMOjwPC8P0ueXpCVEbxgda3pko=",
        "owner": "edolstra",
        "repo": "flake-compat",
        "rev": "12c64ca55c1014cdc1b16ed5a804aa8576601ff2",
        "type": "github"
      },
      "original": {
        "owner": "edolstra",
        "repo": "flake-compat",
        "type": "github"
      }
    },
    "home-manager": {
      "inputs": {
        "nixpkgs": "nixpkgs_2"
      },
      "locked": {
        "lastModified": 1639329010,
        "narHash": "sha256-k9OXwR06419/s0FAnRalUs24+8EI6GepGaatAXhBc+0=",
        "owner": "nix-community",
        "repo": "home-manager",
        "rev": "3d46c011d2cc2c9ca24d9b803e9daf156d9429ea",
        "type": "github"
      },
      "original": {
        "owner": "nix-community",
        "repo": "home-manager",
        "type": "github"
      }
    },
    "nixpkgs": {
      "locked": {
        "lastModified": 1632086102,
        "narHash": "sha256-wVTcf0UclFS+zHtfPToB13jIO7n0U9N50MuRbPjQViE=",
        "owner": "NixOS",
        "repo": "nixpkgs",
        "rev": "e0ce3c683ae677cf5aab597d645520cddd13392b",
        "type": "github"
      },
      "original": {
        "owner": "NixOS",
        "ref": "nixpkgs-unstable",
        "repo": "nixpkgs",
        "type": "github"
      }
    },
    "nixpkgs-unstable": {
      "locked": {
        "lastModified": 1639402647,
        "narHash": "sha256-WmKsV9UW2SxsJtZfQYTFGm9CFvdlHpRyjzjO15z7Svo=",
        "owner": "NixOS",
        "repo": "nixpkgs",
        "rev": "3e2ff9dfec5938c02951fe83353806768d7befe4",
        "type": "github"
      },
      "original": {
        "id": "nixpkgs",
        "ref": "master",
        "type": "indirect"
      }
    },
    "nixpkgs_2": {
      "locked": {
        "lastModified": 1639357775,
        "narHash": "sha256-mJJFCPqZi1ZO3CvgEfN2nFAYv4uAJSRnTKzLFi61+WA=",
        "owner": "NixOS",
        "repo": "nixpkgs",
        "rev": "c473cc8714710179df205b153f4e9fa007107ff9",
        "type": "github"
      },
      "original": {
        "id": "nixpkgs",
        "type": "indirect"
      }
    },
    "nixpkgs_3": {
      "locked": {
        "lastModified": 1639347265,
        "narHash": "sha256-q5feWoC64+h6T6J89o2HJJ8DOnB/4vwMODBlZIgeIlA=",
        "owner": "nixos",
        "repo": "nixpkgs",
        "rev": "b0bf5f888d377dd2f36d90340df6dc9f035aaada",
        "type": "github"
      },
      "original": {
        "owner": "nixos",
        "ref": "nixos-unstable",
        "repo": "nixpkgs",
        "type": "github"
      }
    },
    "root": {
      "inputs": {
        "deploy-rs": "deploy-rs",
        "home-manager": "home-manager",
        "nixpkgs": "nixpkgs_3",
        "nixpkgs-unstable": "nixpkgs-unstable"
      }
    },
    "utils": {
      "locked": {
        "lastModified": 1631561581,
        "narHash": "sha256-3VQMV5zvxaVLvqqUrNz3iJelLw30mIVSfZmAaauM3dA=",
        "owner": "numtide",
        "repo": "flake-utils",
        "rev": "7e5bf3925f6fbdfaf50a2a7ca0be2879c4261d19",
        "type": "github"
      },
      "original": {
        "owner": "numtide",
        "repo": "flake-utils",
        "type": "github"
      }
    }
  },
  "root": "root",
  "version": 7
}
